
Microsoft Visual Studio Solution File, Format Version 12.00
# Visual Studio Version 16
VisualStudioVersion = 16.0.30717.126
MinimumVisualStudioVersion = 10.0.40219.1
Project("{FAE04EC0-301F-11D3-BF4B-00C04F79EFBC}") = "RefactoredSWSolutionArray", "RefactoredSWSolutionArray\RefactoredSWSolutionArray.csproj", "{2901587B-698E-4F60-8942-2E9C2655C830}"
EndProject
Global
	GlobalSection(SolutionConfigurationPlatforms) = preSolution
		Debug|Any CPU = Debug|Any CPU
		Release|Any CPU = Release|Any CPU
	EndGlobalSection
	GlobalSection(ProjectConfigurationPlatforms) = postSolution
		{2901587B-698E-4F60-8942-2E9C2655C830}.Debug|Any CPU.ActiveCfg = Debug|Any CPU
		{2901587B-698E-4F60-8942-2E9C2655C830}.Debug|Any CPU.Build.0 = Debug|Any CPU
		{2901587B-698E-4F60-8942-2E9C2655C830}.Release|Any CPU.ActiveCfg = Release|Any CPU
		{2901587B-698E-4F60-8942-2E9C2655C830}.Release|Any CPU.Build.0 = Release|Any CPU
	EndGlobalSection
	GlobalSection(SolutionProperties) = preSolution
		HideSolutionNode = FALSE
	EndGlobalSection
	GlobalSection(ExtensibilityGlobals) = postSolution
		SolutionGuid = {3C6DDA81-B303-4F44-9329-2A564BAF3D69}
	EndGlobalSection
EndGlobal
